// !$*UTF8*$!
{
	archiveVersion = 1;
	classes = {
	};
	objectVersion = 51;
	objects = {

/* Begin PBXBuildFile section */
		229B43B0540E27C6B6BD4A89 /* Pods_MyPlaces.framework in Frameworks */ = {isa = PBXBuildFile; fileRef = 0AC889EE1CC61A3756A37316 /* Pods_MyPlaces.framework */; };
		2E3AEF1A3BC93C1FCC298BFB /* Pods_MyPlacesTests.framework in Frameworks */ = {isa = PBXBuildFile; fileRef = 4E3316419AF514688137F2FE /* Pods_MyPlacesTests.framework */; };
		4E55CCB1C8BC8355E55C753A /* Pods_MyPlaces_MyPlacesUITests.framework in Frameworks */ = {isa = PBXBuildFile; fileRef = 60EFDF9251625F5643B31846 /* Pods_MyPlaces_MyPlacesUITests.framework */; };
		D820952E24BF2B3C003F3B57 /* RatingControl.swift in Sources */ = {isa = PBXBuildFile; fileRef = D820952D24BF2B3C003F3B57 /* RatingControl.swift */; };
		D86C8E8124BCAFB900EB47F5 /* CustomTableViewCell.swift in Sources */ = {isa = PBXBuildFile; fileRef = D86C8E8024BCAFB900EB47F5 /* CustomTableViewCell.swift */; };
		D86C8E8324BCB26F00EB47F5 /* PlaceModel.swift in Sources */ = {isa = PBXBuildFile; fileRef = D86C8E8224BCB26F00EB47F5 /* PlaceModel.swift */; };
		D86C8E8524BCC14B00EB47F5 /* NewPlaceTableViewController.swift in Sources */ = {isa = PBXBuildFile; fileRef = D86C8E8424BCC14B00EB47F5 /* NewPlaceTableViewController.swift */; };
		D874707524C09E0B001B4AB3 /* MapViewController.swift in Sources */ = {isa = PBXBuildFile; fileRef = D874707424C09E0B001B4AB3 /* MapViewController.swift */; };
		D8AA7E1E24BC9D910046CD39 /* AppDelegate.swift in Sources */ = {isa = PBXBuildFile; fileRef = D8AA7E1D24BC9D910046CD39 /* AppDelegate.swift */; };
		D8AA7E2024BC9D910046CD39 /* SceneDelegate.swift in Sources */ = {isa = PBXBuildFile; fileRef = D8AA7E1F24BC9D910046CD39 /* SceneDelegate.swift */; };
		D8AA7E2524BC9D910046CD39 /* Main.storyboard in Resources */ = {isa = PBXBuildFile; fileRef = D8AA7E2324BC9D910046CD39 /* Main.storyboard */; };
		D8AA7E2724BC9D920046CD39 /* Assets.xcassets in Resources */ = {isa = PBXBuildFile; fileRef = D8AA7E2624BC9D920046CD39 /* Assets.xcassets */; };
		D8AA7E2A24BC9D920046CD39 /* LaunchScreen.storyboard in Resources */ = {isa = PBXBuildFile; fileRef = D8AA7E2824BC9D920046CD39 /* LaunchScreen.storyboard */; };
		D8AA7E3524BC9D920046CD39 /* MyPlacesTests.swift in Sources */ = {isa = PBXBuildFile; fileRef = D8AA7E3424BC9D920046CD39 /* MyPlacesTests.swift */; };
		D8AA7E4024BC9D920046CD39 /* MyPlacesUITests.swift in Sources */ = {isa = PBXBuildFile; fileRef = D8AA7E3F24BC9D920046CD39 /* MyPlacesUITests.swift */; };
		D8AA7E4E24BC9E430046CD39 /* MainViewController.swift in Sources */ = {isa = PBXBuildFile; fileRef = D8AA7E4D24BC9E430046CD39 /* MainViewController.swift */; };
		D8AC2CF424BE09DC004D456E /* StorageManager.swift in Sources */ = {isa = PBXBuildFile; fileRef = D8AC2CF324BE09DC004D456E /* StorageManager.swift */; };
/* End PBXBuildFile section */

/* Begin PBXContainerItemProxy section */
		D8AA7E3124BC9D920046CD39 /* PBXContainerItemProxy */ = {
			isa = PBXContainerItemProxy;
			containerPortal = D8AA7E1224BC9D910046CD39 /* Project object */;
			proxyType = 1;
			remoteGlobalIDString = D8AA7E1924BC9D910046CD39;
			remoteInfo = MyPlaces;
		};
		D8AA7E3C24BC9D920046CD39 /* PBXContainerItemProxy */ = {
			isa = PBXContainerItemProxy;
			containerPortal = D8AA7E1224BC9D910046CD39 /* Project object */;
			proxyType = 1;
			remoteGlobalIDString = D8AA7E1924BC9D910046CD39;
			remoteInfo = MyPlaces;
		};
/* End PBXContainerItemProxy section */

/* Begin PBXFileReference section */
		0AC889EE1CC61A3756A37316 /* Pods_MyPlaces.framework */ = {isa = PBXFileReference; explicitFileType = wrapper.framework; includeInIndex = 0; path = Pods_MyPlaces.framework; sourceTree = BUILT_PRODUCTS_DIR; };
		0D5A6AAEC892CD3E29F68AF0 /* Pods-MyPlacesTests.release.xcconfig */ = {isa = PBXFileReference; includeInIndex = 1; lastKnownFileType = text.xcconfig; name = "Pods-MyPlacesTests.release.xcconfig"; path = "Target Support Files/Pods-MyPlacesTests/Pods-MyPlacesTests.release.xcconfig"; sourceTree = "<group>"; };
		193BBB4887F99C828CCF1CCB /* Pods-MyPlaces-MyPlacesUITests.debug.xcconfig */ = {isa = PBXFileReference; includeInIndex = 1; lastKnownFileType = text.xcconfig; name = "Pods-MyPlaces-MyPlacesUITests.debug.xcconfig"; path = "Target Support Files/Pods-MyPlaces-MyPlacesUITests/Pods-MyPlaces-MyPlacesUITests.debug.xcconfig"; sourceTree = "<group>"; };
		4E3316419AF514688137F2FE /* Pods_MyPlacesTests.framework */ = {isa = PBXFileReference; explicitFileType = wrapper.framework; includeInIndex = 0; path = Pods_MyPlacesTests.framework; sourceTree = BUILT_PRODUCTS_DIR; };
		60EFDF9251625F5643B31846 /* Pods_MyPlaces_MyPlacesUITests.framework */ = {isa = PBXFileReference; explicitFileType = wrapper.framework; includeInIndex = 0; path = Pods_MyPlaces_MyPlacesUITests.framework; sourceTree = BUILT_PRODUCTS_DIR; };
		C46B02960E22536ADC60D0EF /* Pods-MyPlacesTests.debug.xcconfig */ = {isa = PBXFileReference; includeInIndex = 1; lastKnownFileType = text.xcconfig; name = "Pods-MyPlacesTests.debug.xcconfig"; path = "Target Support Files/Pods-MyPlacesTests/Pods-MyPlacesTests.debug.xcconfig"; sourceTree = "<group>"; };
		C4E3C7993AE58AE370A749A1 /* Pods-MyPlaces.release.xcconfig */ = {isa = PBXFileReference; includeInIndex = 1; lastKnownFileType = text.xcconfig; name = "Pods-MyPlaces.release.xcconfig"; path = "Target Support Files/Pods-MyPlaces/Pods-MyPlaces.release.xcconfig"; sourceTree = "<group>"; };
		D820952D24BF2B3C003F3B57 /* RatingControl.swift */ = {isa = PBXFileReference; lastKnownFileType = sourcecode.swift; path = RatingControl.swift; sourceTree = "<group>"; };
		D86C8E8024BCAFB900EB47F5 /* CustomTableViewCell.swift */ = {isa = PBXFileReference; lastKnownFileType = sourcecode.swift; path = CustomTableViewCell.swift; sourceTree = "<group>"; };
		D86C8E8224BCB26F00EB47F5 /* PlaceModel.swift */ = {isa = PBXFileReference; lastKnownFileType = sourcecode.swift; path = PlaceModel.swift; sourceTree = "<group>"; };
		D86C8E8424BCC14B00EB47F5 /* NewPlaceTableViewController.swift */ = {isa = PBXFileReference; lastKnownFileType = sourcecode.swift; path = NewPlaceTableViewController.swift; sourceTree = "<group>"; };
		D874707424C09E0B001B4AB3 /* MapViewController.swift */ = {isa = PBXFileReference; lastKnownFileType = sourcecode.swift; path = MapViewController.swift; sourceTree = "<group>"; };
		D8AA7E1A24BC9D910046CD39 /* MyPlaces.app */ = {isa = PBXFileReference; explicitFileType = wrapper.application; includeInIndex = 0; path = MyPlaces.app; sourceTree = BUILT_PRODUCTS_DIR; };
		D8AA7E1D24BC9D910046CD39 /* AppDelegate.swift */ = {isa = PBXFileReference; lastKnownFileType = sourcecode.swift; path = AppDelegate.swift; sourceTree = "<group>"; };
		D8AA7E1F24BC9D910046CD39 /* SceneDelegate.swift */ = {isa = PBXFileReference; lastKnownFileType = sourcecode.swift; path = SceneDelegate.swift; sourceTree = "<group>"; };
		D8AA7E2424BC9D910046CD39 /* Base */ = {isa = PBXFileReference; lastKnownFileType = file.storyboard; name = Base; path = Base.lproj/Main.storyboard; sourceTree = "<group>"; };
		D8AA7E2624BC9D920046CD39 /* Assets.xcassets */ = {isa = PBXFileReference; lastKnownFileType = folder.assetcatalog; path = Assets.xcassets; sourceTree = "<group>"; };
		D8AA7E2924BC9D920046CD39 /* Base */ = {isa = PBXFileReference; lastKnownFileType = file.storyboard; name = Base; path = Base.lproj/LaunchScreen.storyboard; sourceTree = "<group>"; };
		D8AA7E2B24BC9D920046CD39 /* Info.plist */ = {isa = PBXFileReference; lastKnownFileType = text.plist.xml; path = Info.plist; sourceTree = "<group>"; };
		D8AA7E3024BC9D920046CD39 /* MyPlacesTests.xctest */ = {isa = PBXFileReference; explicitFileType = wrapper.cfbundle; includeInIndex = 0; path = MyPlacesTests.xctest; sourceTree = BUILT_PRODUCTS_DIR; };
		D8AA7E3424BC9D920046CD39 /* MyPlacesTests.swift */ = {isa = PBXFileReference; lastKnownFileType = sourcecode.swift; path = MyPlacesTests.swift; sourceTree = "<group>"; };
		D8AA7E3624BC9D920046CD39 /* Info.plist */ = {isa = PBXFileReference; lastKnownFileType = text.plist.xml; path = Info.plist; sourceTree = "<group>"; };
		D8AA7E3B24BC9D920046CD39 /* MyPlacesUITests.xctest */ = {isa = PBXFileReference; explicitFileType = wrapper.cfbundle; includeInIndex = 0; path = MyPlacesUITests.xctest; sourceTree = BUILT_PRODUCTS_DIR; };
		D8AA7E3F24BC9D920046CD39 /* MyPlacesUITests.swift */ = {isa = PBXFileReference; lastKnownFileType = sourcecode.swift; path = MyPlacesUITests.swift; sourceTree = "<group>"; };
		D8AA7E4124BC9D920046CD39 /* Info.plist */ = {isa = PBXFileReference; lastKnownFileType = text.plist.xml; path = Info.plist; sourceTree = "<group>"; };
		D8AA7E4D24BC9E430046CD39 /* MainViewController.swift */ = {isa = PBXFileReference; lastKnownFileType = sourcecode.swift; path = MainViewController.swift; sourceTree = "<group>"; };
		D8AC2CF324BE09DC004D456E /* StorageManager.swift */ = {isa = PBXFileReference; lastKnownFileType = sourcecode.swift; path = StorageManager.swift; sourceTree = "<group>"; };
		DDFF2184270416F10889EAD0 /* Pods-MyPlaces-MyPlacesUITests.release.xcconfig */ = {isa = PBXFileReference; includeInIndex = 1; lastKnownFileType = text.xcconfig; name = "Pods-MyPlaces-MyPlacesUITests.release.xcconfig"; path = "Target Support Files/Pods-MyPlaces-MyPlacesUITests/Pods-MyPlaces-MyPlacesUITests.release.xcconfig"; sourceTree = "<group>"; };
		F565BCBA1B8E2B185126CA26 /* Pods-MyPlaces.debug.xcconfig */ = {isa = PBXFileReference; includeInIndex = 1; lastKnownFileType = text.xcconfig; name = "Pods-MyPlaces.debug.xcconfig"; path = "Target Support Files/Pods-MyPlaces/Pods-MyPlaces.debug.xcconfig"; sourceTree = "<group>"; };
/* End PBXFileReference section */

/* Begin PBXFrameworksBuildPhase section */
		D8AA7E1724BC9D910046CD39 /* Frameworks */ = {
			isa = PBXFrameworksBuildPhase;
			buildActionMask = 2147483647;
			files = (
				229B43B0540E27C6B6BD4A89 /* Pods_MyPlaces.framework in Frameworks */,
			);
			runOnlyForDeploymentPostprocessing = 0;
		};
		D8AA7E2D24BC9D920046CD39 /* Frameworks */ = {
			isa = PBXFrameworksBuildPhase;
			buildActionMask = 2147483647;
			files = (
				2E3AEF1A3BC93C1FCC298BFB /* Pods_MyPlacesTests.framework in Frameworks */,
			);
			runOnlyForDeploymentPostprocessing = 0;
		};
		D8AA7E3824BC9D920046CD39 /* Frameworks */ = {
			isa = PBXFrameworksBuildPhase;
			buildActionMask = 2147483647;
			files = (
				4E55CCB1C8BC8355E55C753A /* Pods_MyPlaces_MyPlacesUITests.framework in Frameworks */,
			);
			runOnlyForDeploymentPostprocessing = 0;
		};
/* End PBXFrameworksBuildPhase section */

/* Begin PBXGroup section */
		50298B0D10EF9A3CA4559FF7 /* Pods */ = {
			isa = PBXGroup;
			children = (
				F565BCBA1B8E2B185126CA26 /* Pods-MyPlaces.debug.xcconfig */,
				C4E3C7993AE58AE370A749A1 /* Pods-MyPlaces.release.xcconfig */,
				193BBB4887F99C828CCF1CCB /* Pods-MyPlaces-MyPlacesUITests.debug.xcconfig */,
				DDFF2184270416F10889EAD0 /* Pods-MyPlaces-MyPlacesUITests.release.xcconfig */,
				C46B02960E22536ADC60D0EF /* Pods-MyPlacesTests.debug.xcconfig */,
				0D5A6AAEC892CD3E29F68AF0 /* Pods-MyPlacesTests.release.xcconfig */,
			);
			path = Pods;
			sourceTree = "<group>";
		};
		7657CDEA0B8972E6C2530BD5 /* Frameworks */ = {
			isa = PBXGroup;
			children = (
				0AC889EE1CC61A3756A37316 /* Pods_MyPlaces.framework */,
				60EFDF9251625F5643B31846 /* Pods_MyPlaces_MyPlacesUITests.framework */,
				4E3316419AF514688137F2FE /* Pods_MyPlacesTests.framework */,
			);
			name = Frameworks;
			sourceTree = "<group>";
		};
		D8AA7E1124BC9D910046CD39 = {
			isa = PBXGroup;
			children = (
				D8AA7E1C24BC9D910046CD39 /* MyPlaces */,
				D8AA7E3324BC9D920046CD39 /* MyPlacesTests */,
				D8AA7E3E24BC9D920046CD39 /* MyPlacesUITests */,
				D8AA7E1B24BC9D910046CD39 /* Products */,
				50298B0D10EF9A3CA4559FF7 /* Pods */,
				7657CDEA0B8972E6C2530BD5 /* Frameworks */,
			);
			sourceTree = "<group>";
		};
		D8AA7E1B24BC9D910046CD39 /* Products */ = {
			isa = PBXGroup;
			children = (
				D8AA7E1A24BC9D910046CD39 /* MyPlaces.app */,
				D8AA7E3024BC9D920046CD39 /* MyPlacesTests.xctest */,
				D8AA7E3B24BC9D920046CD39 /* MyPlacesUITests.xctest */,
			);
			name = Products;
			sourceTree = "<group>";
		};
		D8AA7E1C24BC9D910046CD39 /* MyPlaces */ = {
			isa = PBXGroup;
			children = (
				D8AA7E1D24BC9D910046CD39 /* AppDelegate.swift */,
				D8AA7E1F24BC9D910046CD39 /* SceneDelegate.swift */,
				D8AA7E4D24BC9E430046CD39 /* MainViewController.swift */,
				D86C8E8024BCAFB900EB47F5 /* CustomTableViewCell.swift */,
				D820952D24BF2B3C003F3B57 /* RatingControl.swift */,
				D86C8E8224BCB26F00EB47F5 /* PlaceModel.swift */,
				D8AC2CF324BE09DC004D456E /* StorageManager.swift */,
				D874707424C09E0B001B4AB3 /* MapViewController.swift */,
				D8AA7E2324BC9D910046CD39 /* Main.storyboard */,
				D8AA7E2624BC9D920046CD39 /* Assets.xcassets */,
				D86C8E8424BCC14B00EB47F5 /* NewPlaceTableViewController.swift */,
				D8AA7E2824BC9D920046CD39 /* LaunchScreen.storyboard */,
				D8AA7E2B24BC9D920046CD39 /* Info.plist */,
			);
			path = MyPlaces;
			sourceTree = "<group>";
		};
		D8AA7E3324BC9D920046CD39 /* MyPlacesTests */ = {
			isa = PBXGroup;
			children = (
				D8AA7E3424BC9D920046CD39 /* MyPlacesTests.swift */,
				D8AA7E3624BC9D920046CD39 /* Info.plist */,
			);
			path = MyPlacesTests;
			sourceTree = "<group>";
		};
		D8AA7E3E24BC9D920046CD39 /* MyPlacesUITests */ = {
			isa = PBXGroup;
			children = (
				D8AA7E3F24BC9D920046CD39 /* MyPlacesUITests.swift */,
				D8AA7E4124BC9D920046CD39 /* Info.plist */,
			);
			path = MyPlacesUITests;
			sourceTree = "<group>";
		};
/* End PBXGroup section */

/* Begin PBXNativeTarget section */
		D8AA7E1924BC9D910046CD39 /* MyPlaces */ = {
			isa = PBXNativeTarget;
			buildConfigurationList = D8AA7E4424BC9D920046CD39 /* Build configuration list for PBXNativeTarget "MyPlaces" */;
			buildPhases = (
				BBEE79B00A2178A724A9394F /* [CP] Check Pods Manifest.lock */,
				D8AA7E1624BC9D910046CD39 /* Sources */,
				D8AA7E1724BC9D910046CD39 /* Frameworks */,
				D8AA7E1824BC9D910046CD39 /* Resources */,
				3D6CDA0AEA456648B6FA2262 /* [CP] Embed Pods Frameworks */,
			);
			buildRules = (
			);
			dependencies = (
			);
			name = MyPlaces;
			productName = MyPlaces;
			productReference = D8AA7E1A24BC9D910046CD39 /* MyPlaces.app */;
			productType = "com.apple.product-type.application";
		};
		D8AA7E2F24BC9D920046CD39 /* MyPlacesTests */ = {
			isa = PBXNativeTarget;
			buildConfigurationList = D8AA7E4724BC9D920046CD39 /* Build configuration list for PBXNativeTarget "MyPlacesTests" */;
			buildPhases = (
				18A9A0EB8547D6ADCE97010D /* [CP] Check Pods Manifest.lock */,
				D8AA7E2C24BC9D920046CD39 /* Sources */,
				D8AA7E2D24BC9D920046CD39 /* Frameworks */,
				D8AA7E2E24BC9D920046CD39 /* Resources */,
			);
			buildRules = (
			);
			dependencies = (
				D8AA7E3224BC9D920046CD39 /* PBXTargetDependency */,
			);
			name = MyPlacesTests;
			productName = MyPlacesTests;
			productReference = D8AA7E3024BC9D920046CD39 /* MyPlacesTests.xctest */;
			productType = "com.apple.product-type.bundle.unit-test";
		};
		D8AA7E3A24BC9D920046CD39 /* MyPlacesUITests */ = {
			isa = PBXNativeTarget;
			buildConfigurationList = D8AA7E4A24BC9D920046CD39 /* Build configuration list for PBXNativeTarget "MyPlacesUITests" */;
			buildPhases = (
				525A1F99F36F8C9F2950A09F /* [CP] Check Pods Manifest.lock */,
				D8AA7E3724BC9D920046CD39 /* Sources */,
				D8AA7E3824BC9D920046CD39 /* Frameworks */,
				D8AA7E3924BC9D920046CD39 /* Resources */,
				087D81872995055C628BDA2E /* [CP] Embed Pods Frameworks */,
			);
			buildRules = (
			);
			dependencies = (
				D8AA7E3D24BC9D920046CD39 /* PBXTargetDependency */,
			);
			name = MyPlacesUITests;
			productName = MyPlacesUITests;
			productReference = D8AA7E3B24BC9D920046CD39 /* MyPlacesUITests.xctest */;
			productType = "com.apple.product-type.bundle.ui-testing";
		};
/* End PBXNativeTarget section */

/* Begin PBXProject section */
		D8AA7E1224BC9D910046CD39 /* Project object */ = {
			isa = PBXProject;
			attributes = {
				LastSwiftUpdateCheck = 1150;
				LastUpgradeCheck = 1150;
				ORGANIZATIONNAME = "Акбар Уметов";
				TargetAttributes = {
					D8AA7E1924BC9D910046CD39 = {
						CreatedOnToolsVersion = 11.5;
					};
					D8AA7E2F24BC9D920046CD39 = {
						CreatedOnToolsVersion = 11.5;
						TestTargetID = D8AA7E1924BC9D910046CD39;
					};
					D8AA7E3A24BC9D920046CD39 = {
						CreatedOnToolsVersion = 11.5;
						TestTargetID = D8AA7E1924BC9D910046CD39;
					};
				};
			};
			buildConfigurationList = D8AA7E1524BC9D910046CD39 /* Build configuration list for PBXProject "MyPlaces" */;
			compatibilityVersion = "Xcode 9.3";
			developmentRegion = en;
			hasScannedForEncodings = 0;
			knownRegions = (
				en,
				Base,
			);
			mainGroup = D8AA7E1124BC9D910046CD39;
			productRefGroup = D8AA7E1B24BC9D910046CD39 /* Products */;
			projectDirPath = "";
			projectRoot = "";
			targets = (
				D8AA7E1924BC9D910046CD39 /* MyPlaces */,
				D8AA7E2F24BC9D920046CD39 /* MyPlacesTests */,
				D8AA7E3A24BC9D920046CD39 /* MyPlacesUITests */,
			);
		};
/* End PBXProject section */

/* Begin PBXResourcesBuildPhase section */
		D8AA7E1824BC9D910046CD39 /* Resources */ = {
			isa = PBXResourcesBuildPhase;
			buildActionMask = 2147483647;
			files = (
				D8AA7E2A24BC9D920046CD39 /* LaunchScreen.storyboard in Resources */,
				D8AA7E2724BC9D920046CD39 /* Assets.xcassets in Resources */,
				D8AA7E2524BC9D910046CD39 /* Main.storyboard in Resources */,
			);
			runOnlyForDeploymentPostprocessing = 0;
		};
		D8AA7E2E24BC9D920046CD39 /* Resources */ = {
			isa = PBXResourcesBuildPhase;
			buildActionMask = 2147483647;
			files = (
			);
			runOnlyForDeploymentPostprocessing = 0;
		};
		D8AA7E3924BC9D920046CD39 /* Resources */ = {
			isa = PBXResourcesBuildPhase;
			buildActionMask = 2147483647;
			files = (
			);
			runOnlyForDeploymentPostprocessing = 0;
		};
/* End PBXResourcesBuildPhase section */

/* Begin PBXShellScriptBuildPhase section */
		087D81872995055C628BDA2E /* [CP] Embed Pods Frameworks */ = {
			isa = PBXShellScriptBuildPhase;
			buildActionMask = 2147483647;
			files = (
			);
			inputFileListPaths = (
				"${PODS_ROOT}/Target Support Files/Pods-MyPlaces-MyPlacesUITests/Pods-MyPlaces-MyPlacesUITests-frameworks-${CONFIGURATION}-input-files.xcfilelist",
			);
			name = "[CP] Embed Pods Frameworks";
			outputFileListPaths = (
				"${PODS_ROOT}/Target Support Files/Pods-MyPlaces-MyPlacesUITests/Pods-MyPlaces-MyPlacesUITests-frameworks-${CONFIGURATION}-output-files.xcfilelist",
			);
			runOnlyForDeploymentPostprocessing = 0;
			shellPath = /bin/sh;
			shellScript = "\"${PODS_ROOT}/Target Support Files/Pods-MyPlaces-MyPlacesUITests/Pods-MyPlaces-MyPlacesUITests-frameworks.sh\"\n";
			showEnvVarsInLog = 0;
		};
		18A9A0EB8547D6ADCE97010D /* [CP] Check Pods Manifest.lock */ = {
			isa = PBXShellScriptBuildPhase;
			buildActionMask = 2147483647;
			files = (
			);
			inputFileListPaths = (
			);
			inputPaths = (
				"${PODS_PODFILE_DIR_PATH}/Podfile.lock",
				"${PODS_ROOT}/Manifest.lock",
			);
			name = "[CP] Check Pods Manifest.lock";
			outputFileListPaths = (
			);
			outputPaths = (
				"$(DERIVED_FILE_DIR)/Pods-MyPlacesTests-checkManifestLockResult.txt",
			);
			runOnlyForDeploymentPostprocessing = 0;
			shellPath = /bin/sh;
			shellScript = "diff \"${PODS_PODFILE_DIR_PATH}/Podfile.lock\" \"${PODS_ROOT}/Manifest.lock\" > /dev/null\nif [ $? != 0 ] ; then\n    # print error to STDERR\n    echo \"error: The sandbox is not in sync with the Podfile.lock. Run 'pod install' or update your CocoaPods installation.\" >&2\n    exit 1\nfi\n# This output is used by Xcode 'outputs' to avoid re-running this script phase.\necho \"SUCCESS\" > \"${SCRIPT_OUTPUT_FILE_0}\"\n";
			showEnvVarsInLog = 0;
		};
		3D6CDA0AEA456648B6FA2262 /* [CP] Embed Pods Frameworks */ = {
			isa = PBXShellScriptBuildPhase;
			buildActionMask = 2147483647;
			files = (
			);
			inputFileListPaths = (
				"${PODS_ROOT}/Target Support Files/Pods-MyPlaces/Pods-MyPlaces-frameworks-${CONFIGURATION}-input-files.xcfilelist",
			);
			name = "[CP] Embed Pods Frameworks";
			outputFileListPaths = (
				"${PODS_ROOT}/Target Support Files/Pods-MyPlaces/Pods-MyPlaces-frameworks-${CONFIGURATION}-output-files.xcfilelist",
			);
			runOnlyForDeploymentPostprocessing = 0;
			shellPath = /bin/sh;
			shellScript = "\"${PODS_ROOT}/Target Support Files/Pods-MyPlaces/Pods-MyPlaces-frameworks.sh\"\n";
			showEnvVarsInLog = 0;
		};
		525A1F99F36F8C9F2950A09F /* [CP] Check Pods Manifest.lock */ = {
			isa = PBXShellScriptBuildPhase;
			buildActionMask = 2147483647;
			files = (
			);
			inputFileListPaths = (
			);
			inputPaths = (
				"${PODS_PODFILE_DIR_PATH}/Podfile.lock",
				"${PODS_ROOT}/Manifest.lock",
			);
			name = "[CP] Check Pods Manifest.lock";
			outputFileListPaths = (
			);
			outputPaths = (
				"$(DERIVED_FILE_DIR)/Pods-MyPlaces-MyPlacesUITests-checkManifestLockResult.txt",
			);
			runOnlyForDeploymentPostprocessing = 0;
			shellPath = /bin/sh;
			shellScript = "diff \"${PODS_PODFILE_DIR_PATH}/Podfile.lock\" \"${PODS_ROOT}/Manifest.lock\" > /dev/null\nif [ $? != 0 ] ; then\n    # print error to STDERR\n    echo \"error: The sandbox is not in sync with the Podfile.lock. Run 'pod install' or update your CocoaPods installation.\" >&2\n    exit 1\nfi\n# This output is used by Xcode 'outputs' to avoid re-running this script phase.\necho \"SUCCESS\" > \"${SCRIPT_OUTPUT_FILE_0}\"\n";
			showEnvVarsInLog = 0;
		};
		BBEE79B00A2178A724A9394F /* [CP] Check Pods Manifest.lock */ = {
			isa = PBXShellScriptBuildPhase;
			buildActionMask = 2147483647;
			files = (
			);
			inputFileListPaths = (
			);
			inputPaths = (
				"${PODS_PODFILE_DIR_PATH}/Podfile.lock",
				"${PODS_ROOT}/Manifest.lock",
			);
			name = "[CP] Check Pods Manifest.lock";
			outputFileListPaths = (
			);
			outputPaths = (
				"$(DERIVED_FILE_DIR)/Pods-MyPlaces-checkManifestLockResult.txt",
			);
			runOnlyForDeploymentPostprocessing = 0;
			shellPath = /bin/sh;
			shellScript = "diff \"${PODS_PODFILE_DIR_PATH}/Podfile.lock\" \"${PODS_ROOT}/Manifest.lock\" > /dev/null\nif [ $? != 0 ] ; then\n    # print error to STDERR\n    echo \"error: The sandbox is not in sync with the Podfile.lock. Run 'pod install' or update your CocoaPods installation.\" >&2\n    exit 1\nfi\n# This output is used by Xcode 'outputs' to avoid re-running this script phase.\necho \"SUCCESS\" > \"${SCRIPT_OUTPUT_FILE_0}\"\n";
			showEnvVarsInLog = 0;
		};
/* End PBXShellScriptBuildPhase section */

/* Begin PBXSourcesBuildPhase section */
		D8AA7E1624BC9D910046CD39 /* Sources */ = {
			isa = PBXSourcesBuildPhase;
			buildActionMask = 2147483647;
			files = (
				D86C8E8524BCC14B00EB47F5 /* NewPlaceTableViewController.swift in Sources */,
				D8AA7E4E24BC9E430046CD39 /* MainViewController.swift in Sources */,
				D8AA7E1E24BC9D910046CD39 /* AppDelegate.swift in Sources */,
				D8AC2CF424BE09DC004D456E /* StorageManager.swift in Sources */,
				D874707524C09E0B001B4AB3 /* MapViewController.swift in Sources */,
				D820952E24BF2B3C003F3B57 /* RatingControl.swift in Sources */,
				D86C8E8324BCB26F00EB47F5 /* PlaceModel.swift in Sources */,
				D86C8E8124BCAFB900EB47F5 /* CustomTableViewCell.swift in Sources */,
				D8AA7E2024BC9D910046CD39 /* SceneDelegate.swift in Sources */,
			);
			runOnlyForDeploymentPostprocessing = 0;
		};
		D8AA7E2C24BC9D920046CD39 /* Sources */ = {
			isa = PBXSourcesBuildPhase;
			buildActionMask = 2147483647;
			files = (
				D8AA7E3524BC9D920046CD39 /* MyPlacesTests.swift in Sources */,
			);
			runOnlyForDeploymentPostprocessing = 0;
		};
		D8AA7E3724BC9D920046CD39 /* Sources */ = {
			isa = PBXSourcesBuildPhase;
			buildActionMask = 2147483647;
			files = (
				D8AA7E4024BC9D920046CD39 /* MyPlacesUITests.swift in Sources */,
			);
			runOnlyForDeploymentPostprocessing = 0;
		};
/* End PBXSourcesBuildPhase section */

/* Begin PBXTargetDependency section */
		D8AA7E3224BC9D920046CD39 /* PBXTargetDependency */ = {
			isa = PBXTargetDependency;
			target = D8AA7E1924BC9D910046CD39 /* MyPlaces */;
			targetProxy = D8AA7E3124BC9D920046CD39 /* PBXContainerItemProxy */;
		};
		D8AA7E3D24BC9D920046CD39 /* PBXTargetDependency */ = {
			isa = PBXTargetDependency;
			target = D8AA7E1924BC9D910046CD39 /* MyPlaces */;
			targetProxy = D8AA7E3C24BC9D920046CD39 /* PBXContainerItemProxy */;
		};
/* End PBXTargetDependency section */

/* Begin PBXVariantGroup section */
		D8AA7E2324BC9D910046CD39 /* Main.storyboard */ = {
			isa = PBXVariantGroup;
			children = (
				D8AA7E2424BC9D910046CD39 /* Base */,
			);
			name = Main.storyboard;
			sourceTree = "<group>";
		};
		D8AA7E2824BC9D920046CD39 /* LaunchScreen.storyboard */ = {
			isa = PBXVariantGroup;
			children = (
				D8AA7E2924BC9D920046CD39 /* Base */,
			);
			name = LaunchScreen.storyboard;
			sourceTree = "<group>";
		};
/* End PBXVariantGroup section */

/* Begin XCBuildConfiguration section */
		D8AA7E4224BC9D920046CD39 /* Debug */ = {
			isa = XCBuildConfiguration;
			buildSettings = {
				ALWAYS_SEARCH_USER_PATHS = NO;
				CLANG_ANALYZER_NONNULL = YES;
				CLANG_ANALYZER_NUMBER_OBJECT_CONVERSION = YES_AGGRESSIVE;
				CLANG_CXX_LANGUAGE_STANDARD = "gnu++14";
				CLANG_CXX_LIBRARY = "libc++";
				CLANG_ENABLE_MODULES = YES;
				CLANG_ENABLE_OBJC_ARC = YES;
				CLANG_ENABLE_OBJC_WEAK = YES;
				CLANG_WARN_BLOCK_CAPTURE_AUTORELEASING = YES;
				CLANG_WARN_BOOL_CONVERSION = YES;
				CLANG_WARN_COMMA = YES;
				CLANG_WARN_CONSTANT_CONVERSION = YES;
				CLANG_WARN_DEPRECATED_OBJC_IMPLEMENTATIONS = YES;
				CLANG_WARN_DIRECT_OBJC_ISA_USAGE = YES_ERROR;
				CLANG_WARN_DOCUMENTATION_COMMENTS = YES;
				CLANG_WARN_EMPTY_BODY = YES;
				CLANG_WARN_ENUM_CONVERSION = YES;
				CLANG_WARN_INFINITE_RECURSION = YES;
				CLANG_WARN_INT_CONVERSION = YES;
				CLANG_WARN_NON_LITERAL_NULL_CONVERSION = YES;
				CLANG_WARN_OBJC_IMPLICIT_RETAIN_SELF = YES;
				CLANG_WARN_OBJC_LITERAL_CONVERSION = YES;
				CLANG_WARN_OBJC_ROOT_CLASS = YES_ERROR;
				CLANG_WARN_RANGE_LOOP_ANALYSIS = YES;
				CLANG_WARN_STRICT_PROTOTYPES = YES;
				CLANG_WARN_SUSPICIOUS_MOVE = YES;
				CLANG_WARN_UNGUARDED_AVAILABILITY = YES_AGGRESSIVE;
				CLANG_WARN_UNREACHABLE_CODE = YES;
				CLANG_WARN__DUPLICATE_METHOD_MATCH = YES;
				COPY_PHASE_STRIP = NO;
				DEBUG_INFORMATION_FORMAT = dwarf;
				ENABLE_STRICT_OBJC_MSGSEND = YES;
				ENABLE_TESTABILITY = YES;
				GCC_C_LANGUAGE_STANDARD = gnu11;
				GCC_DYNAMIC_NO_PIC = NO;
				GCC_NO_COMMON_BLOCKS = YES;
				GCC_OPTIMIZATION_LEVEL = 0;
				GCC_PREPROCESSOR_DEFINITIONS = (
					"DEBUG=1",
					"$(inherited)",
				);
				GCC_WARN_64_TO_32_BIT_CONVERSION = YES;
				GCC_WARN_ABOUT_RETURN_TYPE = YES_ERROR;
				GCC_WARN_UNDECLARED_SELECTOR = YES;
				GCC_WARN_UNINITIALIZED_AUTOS = YES_AGGRESSIVE;
				GCC_WARN_UNUSED_FUNCTION = YES;
				GCC_WARN_UNUSED_VARIABLE = YES;
				IPHONEOS_DEPLOYMENT_TARGET = 13.5;
				MTL_ENABLE_DEBUG_INFO = INCLUDE_SOURCE;
				MTL_FAST_MATH = YES;
				ONLY_ACTIVE_ARCH = YES;
				SDKROOT = iphoneos;
				SWIFT_ACTIVE_COMPILATION_CONDITIONS = DEBUG;
				SWIFT_OPTIMIZATION_LEVEL = "-Onone";
			};
			name = Debug;
		};
		D8AA7E4324BC9D920046CD39 /* Release */ = {
			isa = XCBuildConfiguration;
			buildSettings = {
				ALWAYS_SEARCH_USER_PATHS = NO;
				CLANG_ANALYZER_NONNULL = YES;
				CLANG_ANALYZER_NUMBER_OBJECT_CONVERSION = YES_AGGRESSIVE;
				CLANG_CXX_LANGUAGE_STANDARD = "gnu++14";
				CLANG_CXX_LIBRARY = "libc++";
				CLANG_ENABLE_MODULES = YES;
				CLANG_ENABLE_OBJC_ARC = YES;
				CLANG_ENABLE_OBJC_WEAK = YES;
				CLANG_WARN_BLOCK_CAPTURE_AUTORELEASING = YES;
				CLANG_WARN_BOOL_CONVERSION = YES;
				CLANG_WARN_COMMA = YES;
				CLANG_WARN_CONSTANT_CONVERSION = YES;
				CLANG_WARN_DEPRECATED_OBJC_IMPLEMENTATIONS = YES;
				CLANG_WARN_DIRECT_OBJC_ISA_USAGE = YES_ERROR;
				CLANG_WARN_DOCUMENTATION_COMMENTS = YES;
				CLANG_WARN_EMPTY_BODY = YES;
				CLANG_WARN_ENUM_CONVERSION = YES;
				CLANG_WARN_INFINITE_RECURSION = YES;
				CLANG_WARN_INT_CONVERSION = YES;
				CLANG_WARN_NON_LITERAL_NULL_CONVERSION = YES;
				CLANG_WARN_OBJC_IMPLICIT_RETAIN_SELF = YES;
				CLANG_WARN_OBJC_LITERAL_CONVERSION = YES;
				CLANG_WARN_OBJC_ROOT_CLASS = YES_ERROR;
				CLANG_WARN_RANGE_LOOP_ANALYSIS = YES;
				CLANG_WARN_STRICT_PROTOTYPES = YES;
				CLANG_WARN_SUSPICIOUS_MOVE = YES;
				CLANG_WARN_UNGUARDED_AVAILABILITY = YES_AGGRESSIVE;
				CLANG_WARN_UNREACHABLE_CODE = YES;
				CLANG_WARN__DUPLICATE_METHOD_MATCH = YES;
				COPY_PHASE_STRIP = NO;
				DEBUG_INFORMATION_FORMAT = "dwarf-with-dsym";
				ENABLE_NS_ASSERTIONS = NO;
				ENABLE_STRICT_OBJC_MSGSEND = YES;
				GCC_C_LANGUAGE_STANDARD = gnu11;
				GCC_NO_COMMON_BLOCKS = YES;
				GCC_WARN_64_TO_32_BIT_CONVERSION = YES;
				GCC_WARN_ABOUT_RETURN_TYPE = YES_ERROR;
				GCC_WARN_UNDECLARED_SELECTOR = YES;
				GCC_WARN_UNINITIALIZED_AUTOS = YES_AGGRESSIVE;
				GCC_WARN_UNUSED_FUNCTION = YES;
				GCC_WARN_UNUSED_VARIABLE = YES;
				IPHONEOS_DEPLOYMENT_TARGET = 13.5;
				MTL_ENABLE_DEBUG_INFO = NO;
				MTL_FAST_MATH = YES;
				SDKROOT = iphoneos;
				SWIFT_COMPILATION_MODE = wholemodule;
				SWIFT_OPTIMIZATION_LEVEL = "-O";
				VALIDATE_PRODUCT = YES;
			};
			name = Release;
		};
		D8AA7E4524BC9D920046CD39 /* Debug */ = {
			isa = XCBuildConfiguration;
			baseConfigurationReference = F565BCBA1B8E2B185126CA26 /* Pods-MyPlaces.debug.xcconfig */;
			buildSettings = {
				ASSETCATALOG_COMPILER_APPICON_NAME = AppIcon;
				CODE_SIGN_STYLE = Automatic;
				DEVELOPMENT_TEAM = W8E6UD5535;
				INFOPLIST_FILE = MyPlaces/Info.plist;
				IPHONEOS_DEPLOYMENT_TARGET = 13.0;
				LD_RUNPATH_SEARCH_PATHS = (
					"$(inherited)",
					"@executable_path/Frameworks",
				);
				PRODUCT_BUNDLE_IDENTIFIER = aumetov.MyPlaces;
				PRODUCT_NAME = "$(TARGET_NAME)";
				SWIFT_VERSION = 5.0;
				TARGETED_DEVICE_FAMILY = "1,2";
			};
			name = Debug;
		};
		D8AA7E4624BC9D920046CD39 /* Release */ = {
			isa = XCBuildConfiguration;
			baseConfigurationReference = C4E3C7993AE58AE370A749A1 /* Pods-MyPlaces.release.xcconfig */;
			buildSettings = {
				ASSETCATALOG_COMPILER_APPICON_NAME = AppIcon;
				CODE_SIGN_STYLE = Automatic;
				DEVELOPMENT_TEAM = W8E6UD5535;
				INFOPLIST_FILE = MyPlaces/Info.plist;
				IPHONEOS_DEPLOYMENT_TARGET = 13.0;
				LD_RUNPATH_SEARCH_PATHS = (
					"$(inherited)",
					"@executable_path/Frameworks",
				);
				PRODUCT_BUNDLE_IDENTIFIER = aumetov.MyPlaces;
				PRODUCT_NAME = "$(TARGET_NAME)";
				SWIFT_VERSION = 5.0;
				TARGETED_DEVICE_FAMILY = "1,2";
			};
			name = Release;
		};
		D8AA7E4824BC9D920046CD39 /* Debug */ = {
			isa = XCBuildConfiguration;
			baseConfigurationReference = C46B02960E22536ADC60D0EF /* Pods-MyPlacesTests.debug.xcconfig */;
			buildSettings = {
				ALWAYS_EMBED_SWIFT_STANDARD_LIBRARIES = YES;
				BUNDLE_LOADER = "$(TEST_HOST)";
				CODE_SIGN_STYLE = Automatic;
				DEVELOPMENT_TEAM = W8E6UD5535;
				INFOPLIST_FILE = MyPlacesTests/Info.plist;
				IPHONEOS_DEPLOYMENT_TARGET = 13.5;
				LD_RUNPATH_SEARCH_PATHS = (
					"$(inherited)",
					"@executable_path/Frameworks",
					"@loader_path/Frameworks",
				);
				PRODUCT_BUNDLE_IDENTIFIER = aumetov.MyPlacesTests;
				PRODUCT_NAME = "$(TARGET_NAME)";
				SWIFT_VERSION = 5.0;
				TARGETED_DEVICE_FAMILY = "1,2";
				TEST_HOST = "$(BUILT_PRODUCTS_DIR)/MyPlaces.app/MyPlaces";
			};
			name = Debug;
		};
		D8AA7E4924BC9D920046CD39 /* Release */ = {
			isa = XCBuildConfiguration;
			baseConfigurationReference = 0D5A6AAEC892CD3E29F68AF0 /* Pods-MyPlacesTests.release.xcconfig */;
			buildSettings = {
				ALWAYS_EMBED_SWIFT_STANDARD_LIBRARIES = YES;
				BUNDLE_LOADER = "$(TEST_HOST)";
				CODE_SIGN_STYLE = Automatic;
				DEVELOPMENT_TEAM = W8E6UD5535;
				INFOPLIST_FILE = MyPlacesTests/Info.plist;
				IPHONEOS_DEPLOYMENT_TARGET = 13.5;
				LD_RUNPATH_SEARCH_PATHS = (
					"$(inherited)",
					"@executable_path/Frameworks",
					"@loader_path/Frameworks",
				);
				PRODUCT_BUNDLE_IDENTIFIER = aumetov.MyPlacesTests;
				PRODUCT_NAME = "$(TARGET_NAME)";
				SWIFT_VERSION = 5.0;
				TARGETED_DEVICE_FAMILY = "1,2";
				TEST_HOST = "$(BUILT_PRODUCTS_DIR)/MyPlaces.app/MyPlaces";
			};
			name = Release;
		};
		D8AA7E4B24BC9D920046CD39 /* Debug */ = {
			isa = XCBuildConfiguration;
			baseConfigurationReference = 193BBB4887F99C828CCF1CCB /* Pods-MyPlaces-MyPlacesUITests.debug.xcconfig */;
			buildSettings = {
				ALWAYS_EMBED_SWIFT_STANDARD_LIBRARIES = YES;
				CODE_SIGN_STYLE = Automatic;
				DEVELOPMENT_TEAM = W8E6UD5535;
				INFOPLIST_FILE = MyPlacesUITests/Info.plist;
				LD_RUNPATH_SEARCH_PATHS = (
					"$(inherited)",
					"@executable_path/Frameworks",
					"@loader_path/Frameworks",
				);
				PRODUCT_BUNDLE_IDENTIFIER = aumetov.MyPlacesUITests;
				PRODUCT_NAME = "$(TARGET_NAME)";
				SWIFT_VERSION = 5.0;
				TARGETED_DEVICE_FAMILY = "1,2";
				TEST_TARGET_NAME = MyPlaces;
			};
			name = Debug;
		};
		D8AA7E4C24BC9D920046CD39 /* Release */ = {
			isa = XCBuildConfiguration;
			baseConfigurationReference = DDFF2184270416F10889EAD0 /* Pods-MyPlaces-MyPlacesUITests.release.xcconfig */;
			buildSettings = {
				ALWAYS_EMBED_SWIFT_STANDARD_LIBRARIES = YES;
				CODE_SIGN_STYLE = Automatic;
				DEVELOPMENT_TEAM = W8E6UD5535;
				INFOPLIST_FILE = MyPlacesUITests/Info.plist;
				LD_RUNPATH_SEARCH_PATHS = (
					"$(inherited)",
					"@executable_path/Frameworks",
					"@loader_path/Frameworks",
				);
				PRODUCT_BUNDLE_IDENTIFIER = aumetov.MyPlacesUITests;
				PRODUCT_NAME = "$(TARGET_NAME)";
				SWIFT_VERSION = 5.0;
				TARGETED_DEVICE_FAMILY = "1,2";
				TEST_TARGET_NAME = MyPlaces;
			};
			name = Release;
		};
/* End XCBuildConfiguration section */

/* Begin XCConfigurationList section */
		D8AA7E1524BC9D910046CD39 /* Build configuration list for PBXProject "MyPlaces" */ = {
			isa = XCConfigurationList;
			buildConfigurations = (
				D8AA7E4224BC9D920046CD39 /* Debug */,
				D8AA7E4324BC9D920046CD39 /* Release */,
			);
			defaultConfigurationIsVisible = 0;
			defaultConfigurationName = Release;
		};
		D8AA7E4424BC9D920046CD39 /* Build configuration list for PBXNativeTarget "MyPlaces" */ = {
			isa = XCConfigurationList;
			buildConfigurations = (
				D8AA7E4524BC9D920046CD39 /* Debug */,
				D8AA7E4624BC9D920046CD39 /* Release */,
			);
			defaultConfigurationIsVisible = 0;
			defaultConfigurationName = Release;
		};
		D8AA7E4724BC9D920046CD39 /* Build configuration list for PBXNativeTarget "MyPlacesTests" */ = {
			isa = XCConfigurationList;
			buildConfigurations = (
				D8AA7E4824BC9D920046CD39 /* Debug */,
				D8AA7E4924BC9D920046CD39 /* Release */,
			);
			defaultConfigurationIsVisible = 0;
			defaultConfigurationName = Release;
		};
		D8AA7E4A24BC9D920046CD39 /* Build configuration list for PBXNativeTarget "MyPlacesUITests" */ = {
			isa = XCConfigurationList;
			buildConfigurations = (
				D8AA7E4B24BC9D920046CD39 /* Debug */,
				D8AA7E4C24BC9D920046CD39 /* Release */,
			);
			defaultConfigurationIsVisible = 0;
			defaultConfigurationName = Release;
		};
/* End XCConfigurationList section */
	};
	rootObject = D8AA7E1224BC9D910046CD39 /* Project object */;
}
